
Microsoft Visual Studio Solution File, Format Version 12.00
# Visual Studio Version 16
VisualStudioVersion = 16.0.30907.101
MinimumVisualStudioVersion = 10.0.40219.1
Project("{9A19103F-16F7-4668-BE54-9A1E7A4F7556}") = "API", "API\API.csproj", "{2C65DAA7-7529-402F-A115-028B8A9A4D10}"
EndProject
Project("{9A19103F-16F7-4668-BE54-9A1E7A4F7556}") = "API.DataFitness", "API.DataEntities\API.DataFitness.csproj", "{641A3CEC-A6AE-40CF-9BDA-DC7231380C78}"
EndProject
Global
	GlobalSection(SolutionConfigurationPlatforms) = preSolution
		Debug|Any CPU = Debug|Any CPU
		Release|Any CPU = Release|Any CPU
	EndGlobalSection
	GlobalSection(ProjectConfigurationPlatforms) = postSolution
		{2C65DAA7-7529-402F-A115-028B8A9A4D10}.Debug|Any CPU.ActiveCfg = Debug|Any CPU
		{2C65DAA7-7529-402F-A115-028B8A9A4D10}.Debug|Any CPU.Build.0 = Debug|Any CPU
		{2C65DAA7-7529-402F-A115-028B8A9A4D10}.Release|Any CPU.ActiveCfg = Release|Any CPU
		{2C65DAA7-7529-402F-A115-028B8A9A4D10}.Release|Any CPU.Build.0 = Release|Any CPU
		{641A3CEC-A6AE-40CF-9BDA-DC7231380C78}.Debug|Any CPU.ActiveCfg = Debug|Any CPU
		{641A3CEC-A6AE-40CF-9BDA-DC7231380C78}.Debug|Any CPU.Build.0 = Debug|Any CPU
		{641A3CEC-A6AE-40CF-9BDA-DC7231380C78}.Release|Any CPU.ActiveCfg = Release|Any CPU
		{641A3CEC-A6AE-40CF-9BDA-DC7231380C78}.Release|Any CPU.Build.0 = Release|Any CPU
	EndGlobalSection
	GlobalSection(SolutionProperties) = preSolution
		HideSolutionNode = FALSE
	EndGlobalSection
	GlobalSection(ExtensibilityGlobals) = postSolution
		SolutionGuid = {9D41132D-22E8-4D78-9F22-76492B337031}
	EndGlobalSection
EndGlobal
